
Microsoft Visual Studio Solution File, Format Version 12.00
# Visual Studio Version 17
VisualStudioVersion = 17.7.34031.279
MinimumVisualStudioVersion = 10.0.40219.1
Project("{FAE04EC0-301F-11D3-BF4B-00C04F79EFBC}") = "09.10", "09.10\09.10.csproj", "{FE700230-1CB3-407D-AFB5-DE1CC13193EA}"
EndProject
Global
	GlobalSection(SolutionConfigurationPlatforms) = preSolution
		Debug|Any CPU = Debug|Any CPU
		Release|Any CPU = Release|Any CPU
	EndGlobalSection
	GlobalSection(ProjectConfigurationPlatforms) = postSolution
		{FE700230-1CB3-407D-AFB5-DE1CC13193EA}.Debug|Any CPU.ActiveCfg = Debug|Any CPU
		{FE700230-1CB3-407D-AFB5-DE1CC13193EA}.Debug|Any CPU.Build.0 = Debug|Any CPU
		{FE700230-1CB3-407D-AFB5-DE1CC13193EA}.Release|Any CPU.ActiveCfg = Release|Any CPU
		{FE700230-1CB3-407D-AFB5-DE1CC13193EA}.Release|Any CPU.Build.0 = Release|Any CPU
	EndGlobalSection
	GlobalSection(SolutionProperties) = preSolution
		HideSolutionNode = FALSE
	EndGlobalSection
	GlobalSection(ExtensibilityGlobals) = postSolution
		SolutionGuid = {270A4514-D06B-49DE-9050-34BE19FD363A}
	EndGlobalSection
EndGlobal
